// !$*UTF8*$!
{
	archiveVersion = 1;
	classes = {
	};
	objectVersion = 50;
	objects = {

/* Begin PBXBuildFile section */
		009BB1A52549581000F94A21 /* AppDelegate.swift in Sources */ = {isa = PBXBuildFile; fileRef = 009BB1A42549581000F94A21 /* AppDelegate.swift */; };
		009BB1A72549581000F94A21 /* SceneDelegate.swift in Sources */ = {isa = PBXBuildFile; fileRef = 009BB1A62549581000F94A21 /* SceneDelegate.swift */; };
		009BB1AC2549581000F94A21 /* Main.storyboard in Resources */ = {isa = PBXBuildFile; fileRef = 009BB1AA2549581000F94A21 /* Main.storyboard */; };
		009BB1AE2549581200F94A21 /* Assets.xcassets in Resources */ = {isa = PBXBuildFile; fileRef = 009BB1AD2549581200F94A21 /* Assets.xcassets */; };
		009BB1B12549581200F94A21 /* LaunchScreen.storyboard in Resources */ = {isa = PBXBuildFile; fileRef = 009BB1AF2549581200F94A21 /* LaunchScreen.storyboard */; };
		009BB1BC2549581200F94A21 /* SkinCareTests.swift in Sources */ = {isa = PBXBuildFile; fileRef = 009BB1BB2549581200F94A21 /* SkinCareTests.swift */; };
		009BB1C72549581200F94A21 /* SkinCareUITests.swift in Sources */ = {isa = PBXBuildFile; fileRef = 009BB1C62549581200F94A21 /* SkinCareUITests.swift */; };
		009BB1E3254982EF00F94A21 /* ViewController.swift in Sources */ = {isa = PBXBuildFile; fileRef = 009BB1A82549581000F94A21 /* ViewController.swift */; };
/* End PBXBuildFile section */

/* Begin PBXContainerItemProxy section */
		009BB1B82549581200F94A21 /* PBXContainerItemProxy */ = {
			isa = PBXContainerItemProxy;
			containerPortal = 009BB1992549581000F94A21 /* Project object */;
			proxyType = 1;
			remoteGlobalIDString = 009BB1A02549581000F94A21;
			remoteInfo = SkinCare;
		};
		009BB1C32549581200F94A21 /* PBXContainerItemProxy */ = {
			isa = PBXContainerItemProxy;
			containerPortal = 009BB1992549581000F94A21 /* Project object */;
			proxyType = 1;
			remoteGlobalIDString = 009BB1A02549581000F94A21;
			remoteInfo = SkinCare;
		};
/* End PBXContainerItemProxy section */

/* Begin PBXFileReference section */
		009BB1A12549581000F94A21 /* SkinCare.app */ = {isa = PBXFileReference; explicitFileType = wrapper.application; includeInIndex = 0; path = SkinCare.app; sourceTree = BUILT_PRODUCTS_DIR; };
		009BB1A42549581000F94A21 /* AppDelegate.swift */ = {isa = PBXFileReference; lastKnownFileType = sourcecode.swift; path = AppDelegate.swift; sourceTree = "<group>"; };
		009BB1A62549581000F94A21 /* SceneDelegate.swift */ = {isa = PBXFileReference; lastKnownFileType = sourcecode.swift; path = SceneDelegate.swift; sourceTree = "<group>"; };
		009BB1A82549581000F94A21 /* ViewController.swift */ = {isa = PBXFileReference; lastKnownFileType = sourcecode.swift; path = ViewController.swift; sourceTree = "<group>"; };
		009BB1AB2549581000F94A21 /* Base */ = {isa = PBXFileReference; lastKnownFileType = file.storyboard; name = Base; path = Base.lproj/Main.storyboard; sourceTree = "<group>"; };
		009BB1AD2549581200F94A21 /* Assets.xcassets */ = {isa = PBXFileReference; lastKnownFileType = folder.assetcatalog; path = Assets.xcassets; sourceTree = "<group>"; };
		009BB1B02549581200F94A21 /* Base */ = {isa = PBXFileReference; lastKnownFileType = file.storyboard; name = Base; path = Base.lproj/LaunchScreen.storyboard; sourceTree = "<group>"; };
		009BB1B22549581200F94A21 /* Info.plist */ = {isa = PBXFileReference; lastKnownFileType = text.plist.xml; path = Info.plist; sourceTree = "<group>"; };
		009BB1B72549581200F94A21 /* SkinCareTests.xctest */ = {isa = PBXFileReference; explicitFileType = wrapper.cfbundle; includeInIndex = 0; path = SkinCareTests.xctest; sourceTree = BUILT_PRODUCTS_DIR; };
		009BB1BB2549581200F94A21 /* SkinCareTests.swift */ = {isa = PBXFileReference; lastKnownFileType = sourcecode.swift; path = SkinCareTests.swift; sourceTree = "<group>"; };
		009BB1BD2549581200F94A21 /* Info.plist */ = {isa = PBXFileReference; lastKnownFileType = text.plist.xml; path = Info.plist; sourceTree = "<group>"; };
		009BB1C22549581200F94A21 /* SkinCareUITests.xctest */ = {isa = PBXFileReference; explicitFileType = wrapper.cfbundle; includeInIndex = 0; path = SkinCareUITests.xctest; sourceTree = BUILT_PRODUCTS_DIR; };
		009BB1C62549581200F94A21 /* SkinCareUITests.swift */ = {isa = PBXFileReference; lastKnownFileType = sourcecode.swift; path = SkinCareUITests.swift; sourceTree = "<group>"; };
		009BB1C82549581200F94A21 /* Info.plist */ = {isa = PBXFileReference; lastKnownFileType = text.plist.xml; path = Info.plist; sourceTree = "<group>"; };
/* End PBXFileReference section */

/* Begin PBXFrameworksBuildPhase section */
		009BB19E2549581000F94A21 /* Frameworks */ = {
			isa = PBXFrameworksBuildPhase;
			buildActionMask = 2147483647;
			files = (
			);
			runOnlyForDeploymentPostprocessing = 0;
		};
		009BB1B42549581200F94A21 /* Frameworks */ = {
			isa = PBXFrameworksBuildPhase;
			buildActionMask = 2147483647;
			files = (
			);
			runOnlyForDeploymentPostprocessing = 0;
		};
		009BB1BF2549581200F94A21 /* Frameworks */ = {
			isa = PBXFrameworksBuildPhase;
			buildActionMask = 2147483647;
			files = (
			);
			runOnlyForDeploymentPostprocessing = 0;
		};
/* End PBXFrameworksBuildPhase section */

/* Begin PBXGroup section */
		009BB1982549581000F94A21 = {
			isa = PBXGroup;
			children = (
				009BB1A32549581000F94A21 /* SkinCare */,
				009BB1BA2549581200F94A21 /* SkinCareTests */,
				009BB1C52549581200F94A21 /* SkinCareUITests */,
				009BB1A22549581000F94A21 /* Products */,
			);
			sourceTree = "<group>";
		};
		009BB1A22549581000F94A21 /* Products */ = {
			isa = PBXGroup;
			children = (
				009BB1A12549581000F94A21 /* SkinCare.app */,
				009BB1B72549581200F94A21 /* SkinCareTests.xctest */,
				009BB1C22549581200F94A21 /* SkinCareUITests.xctest */,
			);
			name = Products;
			sourceTree = "<group>";
		};
		009BB1A32549581000F94A21 /* SkinCare */ = {
			isa = PBXGroup;
			children = (
				009BB1A42549581000F94A21 /* AppDelegate.swift */,
				009BB1A62549581000F94A21 /* SceneDelegate.swift */,
				009BB1A82549581000F94A21 /* ViewController.swift */,
				009BB1AA2549581000F94A21 /* Main.storyboard */,
				009BB1AD2549581200F94A21 /* Assets.xcassets */,
				009BB1AF2549581200F94A21 /* LaunchScreen.storyboard */,
				009BB1B22549581200F94A21 /* Info.plist */,
			);
			path = SkinCare;
			sourceTree = "<group>";
		};
		009BB1BA2549581200F94A21 /* SkinCareTests */ = {
			isa = PBXGroup;
			children = (
				009BB1BB2549581200F94A21 /* SkinCareTests.swift */,
				009BB1BD2549581200F94A21 /* Info.plist */,
			);
			path = SkinCareTests;
			sourceTree = "<group>";
		};
		009BB1C52549581200F94A21 /* SkinCareUITests */ = {
			isa = PBXGroup;
			children = (
				009BB1C62549581200F94A21 /* SkinCareUITests.swift */,
				009BB1C82549581200F94A21 /* Info.plist */,
			);
			path = SkinCareUITests;
			sourceTree = "<group>";
		};
/* End PBXGroup section */

/* Begin PBXNativeTarget section */
		009BB1A02549581000F94A21 /* SkinCare */ = {
			isa = PBXNativeTarget;
			buildConfigurationList = 009BB1CB2549581200F94A21 /* Build configuration list for PBXNativeTarget "SkinCare" */;
			buildPhases = (
				009BB19D2549581000F94A21 /* Sources */,
				009BB19E2549581000F94A21 /* Frameworks */,
				009BB19F2549581000F94A21 /* Resources */,
			);
			buildRules = (
			);
			dependencies = (
			);
			name = SkinCare;
			productName = SkinCare;
			productReference = 009BB1A12549581000F94A21 /* SkinCare.app */;
			productType = "com.apple.product-type.application";
		};
		009BB1B62549581200F94A21 /* SkinCareTests */ = {
			isa = PBXNativeTarget;
			buildConfigurationList = 009BB1CE2549581200F94A21 /* Build configuration list for PBXNativeTarget "SkinCareTests" */;
			buildPhases = (
				009BB1B32549581200F94A21 /* Sources */,
				009BB1B42549581200F94A21 /* Frameworks */,
				009BB1B52549581200F94A21 /* Resources */,
			);
			buildRules = (
			);
			dependencies = (
				009BB1B92549581200F94A21 /* PBXTargetDependency */,
			);
			name = SkinCareTests;
			productName = SkinCareTests;
			productReference = 009BB1B72549581200F94A21 /* SkinCareTests.xctest */;
			productType = "com.apple.product-type.bundle.unit-test";
		};
		009BB1C12549581200F94A21 /* SkinCareUITests */ = {
			isa = PBXNativeTarget;
			buildConfigurationList = 009BB1D12549581200F94A21 /* Build configuration list for PBXNativeTarget "SkinCareUITests" */;
			buildPhases = (
				009BB1BE2549581200F94A21 /* Sources */,
				009BB1BF2549581200F94A21 /* Frameworks */,
				009BB1C02549581200F94A21 /* Resources */,
			);
			buildRules = (
			);
			dependencies = (
				009BB1C42549581200F94A21 /* PBXTargetDependency */,
			);
			name = SkinCareUITests;
			productName = SkinCareUITests;
			productReference = 009BB1C22549581200F94A21 /* SkinCareUITests.xctest */;
			productType = "com.apple.product-type.bundle.ui-testing";
		};
/* End PBXNativeTarget section */

/* Begin PBXProject section */
		009BB1992549581000F94A21 /* Project object */ = {
			isa = PBXProject;
			attributes = {
				LastSwiftUpdateCheck = 1220;
				LastUpgradeCheck = 1220;
				TargetAttributes = {
					009BB1A02549581000F94A21 = {
						CreatedOnToolsVersion = 12.2;
					};
					009BB1B62549581200F94A21 = {
						CreatedOnToolsVersion = 12.2;
						TestTargetID = 009BB1A02549581000F94A21;
					};
					009BB1C12549581200F94A21 = {
						CreatedOnToolsVersion = 12.2;
						TestTargetID = 009BB1A02549581000F94A21;
					};
				};
			};
			buildConfigurationList = 009BB19C2549581000F94A21 /* Build configuration list for PBXProject "SkinCare" */;
			compatibilityVersion = "Xcode 9.3";
			developmentRegion = en;
			hasScannedForEncodings = 0;
			knownRegions = (
				en,
				Base,
			);
			mainGroup = 009BB1982549581000F94A21;
			productRefGroup = 009BB1A22549581000F94A21 /* Products */;
			projectDirPath = "";
			projectRoot = "";
			targets = (
				009BB1A02549581000F94A21 /* SkinCare */,
				009BB1B62549581200F94A21 /* SkinCareTests */,
				009BB1C12549581200F94A21 /* SkinCareUITests */,
			);
		};
/* End PBXProject section */

/* Begin PBXResourcesBuildPhase section */
		009BB19F2549581000F94A21 /* Resources */ = {
			isa = PBXResourcesBuildPhase;
			buildActionMask = 2147483647;
			files = (
				009BB1B12549581200F94A21 /* LaunchScreen.storyboard in Resources */,
				009BB1AE2549581200F94A21 /* Assets.xcassets in Resources */,
				009BB1AC2549581000F94A21 /* Main.storyboard in Resources */,
			);
			runOnlyForDeploymentPostprocessing = 0;
		};
		009BB1B52549581200F94A21 /* Resources */ = {
			isa = PBXResourcesBuildPhase;
			buildActionMask = 2147483647;
			files = (
			);
			runOnlyForDeploymentPostprocessing = 0;
		};
		009BB1C02549581200F94A21 /* Resources */ = {
			isa = PBXResourcesBuildPhase;
			buildActionMask = 2147483647;
			files = (
			);
			runOnlyForDeploymentPostprocessing = 0;
		};
/* End PBXResourcesBuildPhase section */

/* Begin PBXSourcesBuildPhase section */
		009BB19D2549581000F94A21 /* Sources */ = {
			isa = PBXSourcesBuildPhase;
			buildActionMask = 2147483647;
			files = (
				009BB1E3254982EF00F94A21 /* ViewController.swift in Sources */,
				009BB1A52549581000F94A21 /* AppDelegate.swift in Sources */,
				009BB1A72549581000F94A21 /* SceneDelegate.swift in Sources */,
			);
			runOnlyForDeploymentPostprocessing = 0;
		};
		009BB1B32549581200F94A21 /* Sources */ = {
			isa = PBXSourcesBuildPhase;
			buildActionMask = 2147483647;
			files = (
				009BB1BC2549581200F94A21 /* SkinCareTests.swift in Sources */,
			);
			runOnlyForDeploymentPostprocessing = 0;
		};
		009BB1BE2549581200F94A21 /* Sources */ = {
			isa = PBXSourcesBuildPhase;
			buildActionMask = 2147483647;
			files = (
				009BB1C72549581200F94A21 /* SkinCareUITests.swift in Sources */,
			);
			runOnlyForDeploymentPostprocessing = 0;
		};
/* End PBXSourcesBuildPhase section */

/* Begin PBXTargetDependency section */
		009BB1B92549581200F94A21 /* PBXTargetDependency */ = {
			isa = PBXTargetDependency;
			target = 009BB1A02549581000F94A21 /* SkinCare */;
			targetProxy = 009BB1B82549581200F94A21 /* PBXContainerItemProxy */;
		};
		009BB1C42549581200F94A21 /* PBXTargetDependency */ = {
			isa = PBXTargetDependency;
			target = 009BB1A02549581000F94A21 /* SkinCare */;
			targetProxy = 009BB1C32549581200F94A21 /* PBXContainerItemProxy */;
		};
/* End PBXTargetDependency section */

/* Begin PBXVariantGroup section */
		009BB1AA2549581000F94A21 /* Main.storyboard */ = {
			isa = PBXVariantGroup;
			children = (
				009BB1AB2549581000F94A21 /* Base */,
			);
			name = Main.storyboard;
			sourceTree = "<group>";
		};
		009BB1AF2549581200F94A21 /* LaunchScreen.storyboard */ = {
			isa = PBXVariantGroup;
			children = (
				009BB1B02549581200F94A21 /* Base */,
			);
			name = LaunchScreen.storyboard;
			sourceTree = "<group>";
		};
/* End PBXVariantGroup section */

/* Begin XCBuildConfiguration section */
		009BB1C92549581200F94A21 /* Debug */ = {
			isa = XCBuildConfiguration;
			buildSettings = {
				ALWAYS_SEARCH_USER_PATHS = NO;
				CLANG_ANALYZER_NONNULL = YES;
				CLANG_ANALYZER_NUMBER_OBJECT_CONVERSION = YES_AGGRESSIVE;
				CLANG_CXX_LANGUAGE_STANDARD = "gnu++14";
				CLANG_CXX_LIBRARY = "libc++";
				CLANG_ENABLE_MODULES = YES;
				CLANG_ENABLE_OBJC_ARC = YES;
				CLANG_ENABLE_OBJC_WEAK = YES;
				CLANG_WARN_BLOCK_CAPTURE_AUTORELEASING = YES;
				CLANG_WARN_BOOL_CONVERSION = YES;
				CLANG_WARN_COMMA = YES;
				CLANG_WARN_CONSTANT_CONVERSION = YES;
				CLANG_WARN_DEPRECATED_OBJC_IMPLEMENTATIONS = YES;
				CLANG_WARN_DIRECT_OBJC_ISA_USAGE = YES_ERROR;
				CLANG_WARN_DOCUMENTATION_COMMENTS = YES;
				CLANG_WARN_EMPTY_BODY = YES;
				CLANG_WARN_ENUM_CONVERSION = YES;
				CLANG_WARN_INFINITE_RECURSION = YES;
				CLANG_WARN_INT_CONVERSION = YES;
				CLANG_WARN_NON_LITERAL_NULL_CONVERSION = YES;
				CLANG_WARN_OBJC_IMPLICIT_RETAIN_SELF = YES;
				CLANG_WARN_OBJC_LITERAL_CONVERSION = YES;
				CLANG_WARN_OBJC_ROOT_CLASS = YES_ERROR;
				CLANG_WARN_QUOTED_INCLUDE_IN_FRAMEWORK_HEADER = YES;
				CLANG_WARN_RANGE_LOOP_ANALYSIS = YES;
				CLANG_WARN_STRICT_PROTOTYPES = YES;
				CLANG_WARN_SUSPICIOUS_MOVE = YES;
				CLANG_WARN_UNGUARDED_AVAILABILITY = YES_AGGRESSIVE;
				CLANG_WARN_UNREACHABLE_CODE = YES;
				CLANG_WARN__DUPLICATE_METHOD_MATCH = YES;
				COPY_PHASE_STRIP = NO;
				DEBUG_INFORMATION_FORMAT = dwarf;
				ENABLE_STRICT_OBJC_MSGSEND = YES;
				ENABLE_TESTABILITY = YES;
				GCC_C_LANGUAGE_STANDARD = gnu11;
				GCC_DYNAMIC_NO_PIC = NO;
				GCC_NO_COMMON_BLOCKS = YES;
				GCC_OPTIMIZATION_LEVEL = 0;
				GCC_PREPROCESSOR_DEFINITIONS = (
					"DEBUG=1",
					"$(inherited)",
				);
				GCC_WARN_64_TO_32_BIT_CONVERSION = YES;
				GCC_WARN_ABOUT_RETURN_TYPE = YES_ERROR;
				GCC_WARN_UNDECLARED_SELECTOR = YES;
				GCC_WARN_UNINITIALIZED_AUTOS = YES_AGGRESSIVE;
				GCC_WARN_UNUSED_FUNCTION = YES;
				GCC_WARN_UNUSED_VARIABLE = YES;
				IPHONEOS_DEPLOYMENT_TARGET = 14.2;
				MTL_ENABLE_DEBUG_INFO = INCLUDE_SOURCE;
				MTL_FAST_MATH = YES;
				ONLY_ACTIVE_ARCH = YES;
				SDKROOT = iphoneos;
				SWIFT_ACTIVE_COMPILATION_CONDITIONS = DEBUG;
				SWIFT_OPTIMIZATION_LEVEL = "-Onone";
			};
			name = Debug;
		};
		009BB1CA2549581200F94A21 /* Release */ = {
			isa = XCBuildConfiguration;
			buildSettings = {
				ALWAYS_SEARCH_USER_PATHS = NO;
				CLANG_ANALYZER_NONNULL = YES;
				CLANG_ANALYZER_NUMBER_OBJECT_CONVERSION = YES_AGGRESSIVE;
				CLANG_CXX_LANGUAGE_STANDARD = "gnu++14";
				CLANG_CXX_LIBRARY = "libc++";
				CLANG_ENABLE_MODULES = YES;
				CLANG_ENABLE_OBJC_ARC = YES;
				CLANG_ENABLE_OBJC_WEAK = YES;
				CLANG_WARN_BLOCK_CAPTURE_AUTORELEASING = YES;
				CLANG_WARN_BOOL_CONVERSION = YES;
				CLANG_WARN_COMMA = YES;
				CLANG_WARN_CONSTANT_CONVERSION = YES;
				CLANG_WARN_DEPRECATED_OBJC_IMPLEMENTATIONS = YES;
				CLANG_WARN_DIRECT_OBJC_ISA_USAGE = YES_ERROR;
				CLANG_WARN_DOCUMENTATION_COMMENTS = YES;
				CLANG_WARN_EMPTY_BODY = YES;
				CLANG_WARN_ENUM_CONVERSION = YES;
				CLANG_WARN_INFINITE_RECURSION = YES;
				CLANG_WARN_INT_CONVERSION = YES;
				CLANG_WARN_NON_LITERAL_NULL_CONVERSION = YES;
				CLANG_WARN_OBJC_IMPLICIT_RETAIN_SELF = YES;
				CLANG_WARN_OBJC_LITERAL_CONVERSION = YES;
				CLANG_WARN_OBJC_ROOT_CLASS = YES_ERROR;
				CLANG_WARN_QUOTED_INCLUDE_IN_FRAMEWORK_HEADER = YES;
				CLANG_WARN_RANGE_LOOP_ANALYSIS = YES;
				CLANG_WARN_STRICT_PROTOTYPES = YES;
				CLANG_WARN_SUSPICIOUS_MOVE = YES;
				CLANG_WARN_UNGUARDED_AVAILABILITY = YES_AGGRESSIVE;
				CLANG_WARN_UNREACHABLE_CODE = YES;
				CLANG_WARN__DUPLICATE_METHOD_MATCH = YES;
				COPY_PHASE_STRIP = NO;
				DEBUG_INFORMATION_FORMAT = "dwarf-with-dsym";
				ENABLE_NS_ASSERTIONS = NO;
				ENABLE_STRICT_OBJC_MSGSEND = YES;
				GCC_C_LANGUAGE_STANDARD = gnu11;
				GCC_NO_COMMON_BLOCKS = YES;
				GCC_WARN_64_TO_32_BIT_CONVERSION = YES;
				GCC_WARN_ABOUT_RETURN_TYPE = YES_ERROR;
				GCC_WARN_UNDECLARED_SELECTOR = YES;
				GCC_WARN_UNINITIALIZED_AUTOS = YES_AGGRESSIVE;
				GCC_WARN_UNUSED_FUNCTION = YES;
				GCC_WARN_UNUSED_VARIABLE = YES;
				IPHONEOS_DEPLOYMENT_TARGET = 14.2;
				MTL_ENABLE_DEBUG_INFO = NO;
				MTL_FAST_MATH = YES;
				SDKROOT = iphoneos;
				SWIFT_COMPILATION_MODE = wholemodule;
				SWIFT_OPTIMIZATION_LEVEL = "-O";
				VALIDATE_PRODUCT = YES;
			};
			name = Release;
		};
		009BB1CC2549581200F94A21 /* Debug */ = {
			isa = XCBuildConfiguration;
			buildSettings = {
				ASSETCATALOG_COMPILER_APPICON_NAME = AppIcon;
				ASSETCATALOG_COMPILER_GLOBAL_ACCENT_COLOR_NAME = AccentColor;
				CODE_SIGN_STYLE = Automatic;
				DEVELOPMENT_TEAM = L2A9GR8FGP;
				INFOPLIST_FILE = SkinCare/Info.plist;
				IPHONEOS_DEPLOYMENT_TARGET = 14.1;
				LD_RUNPATH_SEARCH_PATHS = (
					"$(inherited)",
					"@executable_path/Frameworks",
				);
				PRODUCT_BUNDLE_IDENTIFIER = "Vincent-Fung.SkinCare";
				PRODUCT_NAME = "$(TARGET_NAME)";
				SWIFT_VERSION = 5.0;
				TARGETED_DEVICE_FAMILY = 1;
			};
			name = Debug;
		};
		009BB1CD2549581200F94A21 /* Release */ = {
			isa = XCBuildConfiguration;
			buildSettings = {
				ASSETCATALOG_COMPILER_APPICON_NAME = AppIcon;
				ASSETCATALOG_COMPILER_GLOBAL_ACCENT_COLOR_NAME = AccentColor;
				CODE_SIGN_STYLE = Automatic;
				DEVELOPMENT_TEAM = L2A9GR8FGP;
				INFOPLIST_FILE = SkinCare/Info.plist;
				IPHONEOS_DEPLOYMENT_TARGET = 14.1;
				LD_RUNPATH_SEARCH_PATHS = (
					"$(inherited)",
					"@executable_path/Frameworks",
				);
				PRODUCT_BUNDLE_IDENTIFIER = "Vincent-Fung.SkinCare";
				PRODUCT_NAME = "$(TARGET_NAME)";
				SWIFT_VERSION = 5.0;
				TARGETED_DEVICE_FAMILY = 1;
			};
			name = Release;
		};
		009BB1CF2549581200F94A21 /* Debug */ = {
			isa = XCBuildConfiguration;
			buildSettings = {
				ALWAYS_EMBED_SWIFT_STANDARD_LIBRARIES = YES;
				BUNDLE_LOADER = "$(TEST_HOST)";
				CODE_SIGN_STYLE = Automatic;
				DEVELOPMENT_TEAM = L2A9GR8FGP;
				INFOPLIST_FILE = SkinCareTests/Info.plist;
				IPHONEOS_DEPLOYMENT_TARGET = 14.2;
				LD_RUNPATH_SEARCH_PATHS = (
					"$(inherited)",
					"@executable_path/Frameworks",
					"@loader_path/Frameworks",
				);
				PRODUCT_BUNDLE_IDENTIFIER = "Vincent-Fung.SkinCareTests";
				PRODUCT_NAME = "$(TARGET_NAME)";
				SWIFT_VERSION = 5.0;
				TARGETED_DEVICE_FAMILY = "1,2";
				TEST_HOST = "$(BUILT_PRODUCTS_DIR)/SkinCare.app/SkinCare";
			};
			name = Debug;
		};
		009BB1D02549581200F94A21 /* Release */ = {
			isa = XCBuildConfiguration;
			buildSettings = {
				ALWAYS_EMBED_SWIFT_STANDARD_LIBRARIES = YES;
				BUNDLE_LOADER = "$(TEST_HOST)";
				CODE_SIGN_STYLE = Automatic;
				DEVELOPMENT_TEAM = L2A9GR8FGP;
				INFOPLIST_FILE = SkinCareTests/Info.plist;
				IPHONEOS_DEPLOYMENT_TARGET = 14.2;
				LD_RUNPATH_SEARCH_PATHS = (
					"$(inherited)",
					"@executable_path/Frameworks",
					"@loader_path/Frameworks",
				);
				PRODUCT_BUNDLE_IDENTIFIER = "Vincent-Fung.SkinCareTests";
				PRODUCT_NAME = "$(TARGET_NAME)";
				SWIFT_VERSION = 5.0;
				TARGETED_DEVICE_FAMILY = "1,2";
				TEST_HOST = "$(BUILT_PRODUCTS_DIR)/SkinCare.app/SkinCare";
			};
			name = Release;
		};
		009BB1D22549581200F94A21 /* Debug */ = {
			isa = XCBuildConfiguration;
			buildSettings = {
				ALWAYS_EMBED_SWIFT_STANDARD_LIBRARIES = YES;
				CODE_SIGN_STYLE = Automatic;
				DEVELOPMENT_TEAM = L2A9GR8FGP;
				INFOPLIST_FILE = SkinCareUITests/Info.plist;
				LD_RUNPATH_SEARCH_PATHS = (
					"$(inherited)",
					"@executable_path/Frameworks",
					"@loader_path/Frameworks",
				);
				PRODUCT_BUNDLE_IDENTIFIER = "Vincent-Fung.SkinCareUITests";
				PRODUCT_NAME = "$(TARGET_NAME)";
				SWIFT_VERSION = 5.0;
				TARGETED_DEVICE_FAMILY = "1,2";
				TEST_TARGET_NAME = SkinCare;
			};
			name = Debug;
		};
		009BB1D32549581200F94A21 /* Release */ = {
			isa = XCBuildConfiguration;
			buildSettings = {
				ALWAYS_EMBED_SWIFT_STANDARD_LIBRARIES = YES;
				CODE_SIGN_STYLE = Automatic;
				DEVELOPMENT_TEAM = L2A9GR8FGP;
				INFOPLIST_FILE = SkinCareUITests/Info.plist;
				LD_RUNPATH_SEARCH_PATHS = (
					"$(inherited)",
					"@executable_path/Frameworks",
					"@loader_path/Frameworks",
				);
				PRODUCT_BUNDLE_IDENTIFIER = "Vincent-Fung.SkinCareUITests";
				PRODUCT_NAME = "$(TARGET_NAME)";
				SWIFT_VERSION = 5.0;
				TARGETED_DEVICE_FAMILY = "1,2";
				TEST_TARGET_NAME = SkinCare;
			};
			name = Release;
		};
/* End XCBuildConfiguration section */

/* Begin XCConfigurationList section */
		009BB19C2549581000F94A21 /* Build configuration list for PBXProject "SkinCare" */ = {
			isa = XCConfigurationList;
			buildConfigurations = (
				009BB1C92549581200F94A21 /* Debug */,
				009BB1CA2549581200F94A21 /* Release */,
			);
			defaultConfigurationIsVisible = 0;
			defaultConfigurationName = Release;
		};
		009BB1CB2549581200F94A21 /* Build configuration list for PBXNativeTarget "SkinCare" */ = {
			isa = XCConfigurationList;
			buildConfigurations = (
				009BB1CC2549581200F94A21 /* Debug */,
				009BB1CD2549581200F94A21 /* Release */,
			);
			defaultConfigurationIsVisible = 0;
			defaultConfigurationName = Release;
		};
		009BB1CE2549581200F94A21 /* Build configuration list for PBXNativeTarget "SkinCareTests" */ = {
			isa = XCConfigurationList;
			buildConfigurations = (
				009BB1CF2549581200F94A21 /* Debug */,
				009BB1D02549581200F94A21 /* Release */,
			);
			defaultConfigurationIsVisible = 0;
			defaultConfigurationName = Release;
		};
		009BB1D12549581200F94A21 /* Build configuration list for PBXNativeTarget "SkinCareUITests" */ = {
			isa = XCConfigurationList;
			buildConfigurations = (
				009BB1D22549581200F94A21 /* Debug */,
				009BB1D32549581200F94A21 /* Release */,
			);
			defaultConfigurationIsVisible = 0;
			defaultConfigurationName = Release;
		};
/* End XCConfigurationList section */
	};
	rootObject = 009BB1992549581000F94A21 /* Project object */;
}
